// !$*UTF8*$!
{
	archiveVersion = 1;
	classes = {
	};
	objectVersion = 51;
	objects = {

/* Begin PBXBuildFile section */
		954B8FF96652F85F791444E7 /* libPods-Swift5Demo.a in Frameworks */ = {isa = PBXBuildFile; fileRef = 25CA69610BF5329170B3D65D /* libPods-Swift5Demo.a */; };
		DD10C07D233B68320035D158 /* LoginViewController.swift in Sources */ = {isa = PBXBuildFile; fileRef = DD10C07C233B68320035D158 /* LoginViewController.swift */; };
		DD10C081233B6C030035D158 /* MoyaConfig.swift in Sources */ = {isa = PBXBuildFile; fileRef = DD10C080233B6C030035D158 /* MoyaConfig.swift */; };
		DD10C087233B6FE50035D158 /* StrInt.swift in Sources */ = {isa = PBXBuildFile; fileRef = DD10C086233B6FE50035D158 /* StrInt.swift */; };
		DD10C089233B7D650035D158 /* NetRequest.swift in Sources */ = {isa = PBXBuildFile; fileRef = DD10C088233B7D650035D158 /* NetRequest.swift */; };
		DD10C08E233B9EF60035D158 /* SaveFiles.swift in Sources */ = {isa = PBXBuildFile; fileRef = DD10C08D233B9EF60035D158 /* SaveFiles.swift */; };
		DD10C090233BA21B0035D158 /* UserInfoModel.swift in Sources */ = {isa = PBXBuildFile; fileRef = DD10C08F233BA21B0035D158 /* UserInfoModel.swift */; };
		DD12805B25C5028D00751B98 /* UserApi.swift in Sources */ = {isa = PBXBuildFile; fileRef = DD12805A25C5028D00751B98 /* UserApi.swift */; };
		DD12805D25C5051700751B98 /* UserTargetType.swift in Sources */ = {isa = PBXBuildFile; fileRef = DD12805C25C5051700751B98 /* UserTargetType.swift */; };
		DD202F3E25F1FD41008BE9A6 /* AnalysisCell.swift in Sources */ = {isa = PBXBuildFile; fileRef = DD202F3D25F1FD41008BE9A6 /* AnalysisCell.swift */; };
		DD26A63225B92F480041AF8F /* PayManager.swift in Sources */ = {isa = PBXBuildFile; fileRef = DD26A63125B92F480041AF8F /* PayManager.swift */; };
		DD2C9C822615BA660044CAD2 /* RXViewController.swift in Sources */ = {isa = PBXBuildFile; fileRef = DD2C9C812615BA660044CAD2 /* RXViewController.swift */; };
		DD33CBBF266A07520086D5B4 /* LFVideoEncoder.m in Sources */ = {isa = PBXBuildFile; fileRef = DD33CBBE266A07520086D5B4 /* LFVideoEncoder.m */; };
		DD33CBC2266A07D30086D5B4 /* LFMP4Atom.m in Sources */ = {isa = PBXBuildFile; fileRef = DD33CBC1266A07D30086D5B4 /* LFMP4Atom.m */; };
		DD33CBCB266A101E0086D5B4 /* LFNALUnit.cpp in Sources */ = {isa = PBXBuildFile; fileRef = DD33CBC9266A101E0086D5B4 /* LFNALUnit.cpp */; };
		DD33CBDA266A20920086D5B4 /* LFH264VideoEncoder.m in Sources */ = {isa = PBXBuildFile; fileRef = DD33CBD9266A20920086D5B4 /* LFH264VideoEncoder.m */; };
		DD33CBDD266A20A20086D5B4 /* LFHardwareAudioEncoder.m in Sources */ = {isa = PBXBuildFile; fileRef = DD33CBDC266A20A20086D5B4 /* LFHardwareAudioEncoder.m */; };
		DD33CBE0266A20B10086D5B4 /* LFHardwareVideoEncoder.m in Sources */ = {isa = PBXBuildFile; fileRef = DD33CBDF266A20B10086D5B4 /* LFHardwareVideoEncoder.m */; };
		DD33CBE4266A20E10086D5B4 /* LFLiveAudioConfiguration.m in Sources */ = {isa = PBXBuildFile; fileRef = DD33CBE3266A20E10086D5B4 /* LFLiveAudioConfiguration.m */; };
		DD33CBE7266A20F00086D5B4 /* LFLiveVideoConfiguration.m in Sources */ = {isa = PBXBuildFile; fileRef = DD33CBE6266A20F00086D5B4 /* LFLiveVideoConfiguration.m */; };
		DD33CBEB266A21280086D5B4 /* LFGPUImageBeautyFilter.m in Sources */ = {isa = PBXBuildFile; fileRef = DD33CBEA266A21280086D5B4 /* LFGPUImageBeautyFilter.m */; };
		DD33CBEE266A213A0086D5B4 /* LFGPUImageEmptyFilter.m in Sources */ = {isa = PBXBuildFile; fileRef = DD33CBED266A213A0086D5B4 /* LFGPUImageEmptyFilter.m */; };
		DD4267FC25C4131000CB98A1 /* Api.swift in Sources */ = {isa = PBXBuildFile; fileRef = DD4267FB25C4131000CB98A1 /* Api.swift */; };
		DD4267FE25C4145900CB98A1 /* ResultModel.swift in Sources */ = {isa = PBXBuildFile; fileRef = DD4267FD25C4145900CB98A1 /* ResultModel.swift */; };
		DD42680025C4182200CB98A1 /* TargetType.swift in Sources */ = {isa = PBXBuildFile; fileRef = DD4267FF25C4182200CB98A1 /* TargetType.swift */; };
		DD5EBBCE261310BA00C09CE0 /* MusicViewController.swift in Sources */ = {isa = PBXBuildFile; fileRef = DD5EBBCD261310BA00C09CE0 /* MusicViewController.swift */; };
		DD61E7B726553066003EA3C9 /* UIViewController+Rx.swift in Sources */ = {isa = PBXBuildFile; fileRef = DD61E7B626553066003EA3C9 /* UIViewController+Rx.swift */; };
		DD6709C125F0B4AD00C9927D /* TabManagerViewController.swift in Sources */ = {isa = PBXBuildFile; fileRef = DD6709C025F0B4AD00C9927D /* TabManagerViewController.swift */; };
		DD67B40625C250B30016C60D /* GCDViewController.swift in Sources */ = {isa = PBXBuildFile; fileRef = DD67B40525C250B30016C60D /* GCDViewController.swift */; };
		DD67B40925C294670016C60D /* AsyncAfter.swift in Sources */ = {isa = PBXBuildFile; fileRef = DD67B40825C294670016C60D /* AsyncAfter.swift */; };
		DD7E08EF25F0BBF1002281D4 /* TiLableCell.swift in Sources */ = {isa = PBXBuildFile; fileRef = DD7E08EE25F0BBF1002281D4 /* TiLableCell.swift */; };
		DD7E08F125F0BEBA002281D4 /* TiImageCell.swift in Sources */ = {isa = PBXBuildFile; fileRef = DD7E08F025F0BEBA002281D4 /* TiImageCell.swift */; };
		DD7E08F325F0C600002281D4 /* TiModel.swift in Sources */ = {isa = PBXBuildFile; fileRef = DD7E08F225F0C600002281D4 /* TiModel.swift */; };
		DD7E08F525F0CC94002281D4 /* TiTitleCell.swift in Sources */ = {isa = PBXBuildFile; fileRef = DD7E08F425F0CC94002281D4 /* TiTitleCell.swift */; };
		DD7E08F725F0CDDF002281D4 /* OptionAnswerCell.swift in Sources */ = {isa = PBXBuildFile; fileRef = DD7E08F625F0CDDF002281D4 /* OptionAnswerCell.swift */; };
		DD92E06725C7AC9B00526D08 /* TestAnimations in Resources */ = {isa = PBXBuildFile; fileRef = DD92E06625C7AC9B00526D08 /* TestAnimations */; };
		DD954DF0265F95B70095D9F7 /* AttributStrViewController.swift in Sources */ = {isa = PBXBuildFile; fileRef = DD954DEF265F95B70095D9F7 /* AttributStrViewController.swift */; };
		DD954DF3265FCF950095D9F7 /* RxTableSectionsViewController.swift in Sources */ = {isa = PBXBuildFile; fileRef = DD954DF2265FCF950095D9F7 /* RxTableSectionsViewController.swift */; };
		DD96961726520E6300AD7845 /* DriverViewController.swift in Sources */ = {isa = PBXBuildFile; fileRef = DD96961626520E6300AD7845 /* DriverViewController.swift */; };
		DD969619265238C100AD7845 /* RxTableViewController.swift in Sources */ = {isa = PBXBuildFile; fileRef = DD969618265238C100AD7845 /* RxTableViewController.swift */; };
		DD97203725E39D86003E1FB1 /* PhotosViewController.swift in Sources */ = {isa = PBXBuildFile; fileRef = DD97203625E39D86003E1FB1 /* PhotosViewController.swift */; };
		DD97203925E39DB0003E1FB1 /* PhotoWrite.swift in Sources */ = {isa = PBXBuildFile; fileRef = DD97203825E39DB0003E1FB1 /* PhotoWrite.swift */; };
		DD97203C25E3AF39003E1FB1 /* CircleViewModel.swift in Sources */ = {isa = PBXBuildFile; fileRef = DD97203B25E3AF39003E1FB1 /* CircleViewModel.swift */; };
		DD9A026825BFEFD300E68A57 /* YYPlayViewController.swift in Sources */ = {isa = PBXBuildFile; fileRef = DD9A026725BFEFD300E68A57 /* YYPlayViewController.swift */; };
		DD9D921625E205F20024F933 /* PathViewController.swift in Sources */ = {isa = PBXBuildFile; fileRef = DD9D921525E205F20024F933 /* PathViewController.swift */; };
		DD9D921825E20E790024F933 /* hanggeDB.sqlite in Resources */ = {isa = PBXBuildFile; fileRef = DD9D921725E20E790024F933 /* hanggeDB.sqlite */; };
		DDA149A725B2C6A30040E1CD /* ActiveLabelViewController.swift in Sources */ = {isa = PBXBuildFile; fileRef = DDA149A625B2C6A30040E1CD /* ActiveLabelViewController.swift */; };
		DDA149A925B2CADC0040E1CD /* BaseViewController.swift in Sources */ = {isa = PBXBuildFile; fileRef = DDA149A825B2CADC0040E1CD /* BaseViewController.swift */; };
		DDB48A992604A5EF0071E301 /* CSSystemCapture.swift in Sources */ = {isa = PBXBuildFile; fileRef = DDB48A982604A5EF0071E301 /* CSSystemCapture.swift */; };
		DDC60A6B2339ED6E00BEC45C /* AppDelegate.swift in Sources */ = {isa = PBXBuildFile; fileRef = DDC60A6A2339ED6E00BEC45C /* AppDelegate.swift */; };
		DDC60A722339ED6E00BEC45C /* Main.storyboard in Resources */ = {isa = PBXBuildFile; fileRef = DDC60A702339ED6E00BEC45C /* Main.storyboard */; };
		DDC60A742339ED6F00BEC45C /* Assets.xcassets in Resources */ = {isa = PBXBuildFile; fileRef = DDC60A732339ED6F00BEC45C /* Assets.xcassets */; };
		DDC60A772339ED6F00BEC45C /* LaunchScreen.storyboard in Resources */ = {isa = PBXBuildFile; fileRef = DDC60A752339ED6F00BEC45C /* LaunchScreen.storyboard */; };
		DDC60A822339ED6F00BEC45C /* Swift5DemoTests.swift in Sources */ = {isa = PBXBuildFile; fileRef = DDC60A812339ED6F00BEC45C /* Swift5DemoTests.swift */; };
		DDC60A8D2339ED6F00BEC45C /* Swift5DemoUITests.swift in Sources */ = {isa = PBXBuildFile; fileRef = DDC60A8C2339ED6F00BEC45C /* Swift5DemoUITests.swift */; };
		DDC60A9B2339FBBB00BEC45C /* MessageViewController.swift in Sources */ = {isa = PBXBuildFile; fileRef = DDC60A9A2339FBBB00BEC45C /* MessageViewController.swift */; };
		DDC60A9D2339FBCC00BEC45C /* MyViewController.swift in Sources */ = {isa = PBXBuildFile; fileRef = DDC60A9C2339FBCC00BEC45C /* MyViewController.swift */; };
		DDC60A9F2339FBEB00BEC45C /* HomeViewController.swift in Sources */ = {isa = PBXBuildFile; fileRef = DDC60A9E2339FBEB00BEC45C /* HomeViewController.swift */; };
		DDC60AAA233A125900BEC45C /* WebViewController.swift in Sources */ = {isa = PBXBuildFile; fileRef = DDC60AA9233A125900BEC45C /* WebViewController.swift */; };
		DDC60AAC233A126800BEC45C /* ShareViewController.swift in Sources */ = {isa = PBXBuildFile; fileRef = DDC60AAB233A126800BEC45C /* ShareViewController.swift */; };
		DDC60AAE233A129700BEC45C /* YYTabbarViewController.swift in Sources */ = {isa = PBXBuildFile; fileRef = DDC60AAD233A129700BEC45C /* YYTabbarViewController.swift */; };
		DDC60AB0233A12B300BEC45C /* YYNavViewController.swift in Sources */ = {isa = PBXBuildFile; fileRef = DDC60AAF233A12B300BEC45C /* YYNavViewController.swift */; };
		DDD1E9D825F86CD300E49CF6 /* AnswerModel.swift in Sources */ = {isa = PBXBuildFile; fileRef = DDD1E9D725F86CD300E49CF6 /* AnswerModel.swift */; };
		DDD1E9DA25F8776E00E49CF6 /* TiConfig.swift in Sources */ = {isa = PBXBuildFile; fileRef = DDD1E9D925F8776E00E49CF6 /* TiConfig.swift */; };
		DDD1E9E625F8A0FC00E49CF6 /* PaixuViewController.swift in Sources */ = {isa = PBXBuildFile; fileRef = DDD1E9E525F8A0FC00E49CF6 /* PaixuViewController.swift */; };
		DDD1E9E825F8B2BF00E49CF6 /* Array.swift in Sources */ = {isa = PBXBuildFile; fileRef = DDD1E9E725F8B2BF00E49CF6 /* Array.swift */; };
		DDD1E9ED25F8BE4500E49CF6 /* SortView.swift in Sources */ = {isa = PBXBuildFile; fileRef = DDD1E9EC25F8BE4500E49CF6 /* SortView.swift */; };
		DDD892CE25F5D26500FF4085 /* TiBaseViewController.swift in Sources */ = {isa = PBXBuildFile; fileRef = DDD892CD25F5D26500FF4085 /* TiBaseViewController.swift */; };
		DDD892D125F5F51100FF4085 /* TiViewController.swift in Sources */ = {isa = PBXBuildFile; fileRef = DDD892D025F5F51100FF4085 /* TiViewController.swift */; };
		DDD892D325F5FD1C00FF4085 /* BottomView.swift in Sources */ = {isa = PBXBuildFile; fileRef = DDD892D225F5FD1C00FF4085 /* BottomView.swift */; };
		DDE22C41260880DC001038B8 /* CSAudioEncoder.swift in Sources */ = {isa = PBXBuildFile; fileRef = DDE22C40260880DC001038B8 /* CSAudioEncoder.swift */; };
		DDE22C43260891A7001038B8 /* CSAudioConfig.swift in Sources */ = {isa = PBXBuildFile; fileRef = DDE22C42260891A7001038B8 /* CSAudioConfig.swift */; };
		DDE68DC925F9FC6100F39601 /* MetalView.swift in Sources */ = {isa = PBXBuildFile; fileRef = DDE68DC825F9FC6100F39601 /* MetalView.swift */; };
		DDE68DCD25F9FFB200F39601 /* Shaders.metal in Sources */ = {isa = PBXBuildFile; fileRef = DDE68DCC25F9FFB200F39601 /* Shaders.metal */; };
		DDE68DCF25F9FFE800F39601 /* MetalView03.swift in Sources */ = {isa = PBXBuildFile; fileRef = DDE68DCE25F9FFE800F39601 /* MetalView03.swift */; };
		DDEF1B4C25C7C81B001707CB /* AniViewController.swift in Sources */ = {isa = PBXBuildFile; fileRef = DDEF1B4B25C7C81B001707CB /* AniViewController.swift */; };
		DDFED38325C2AE210056FF9C /* SuspendAndResum.swift in Sources */ = {isa = PBXBuildFile; fileRef = DDFED38225C2AE210056FF9C /* SuspendAndResum.swift */; };
		DDFED38525C2C0D10056FF9C /* DispatchSourceTest.swift in Sources */ = {isa = PBXBuildFile; fileRef = DDFED38425C2C0D10056FF9C /* DispatchSourceTest.swift */; };
		DDFED38725C398300056FF9C /* DispatchIOManager.swift in Sources */ = {isa = PBXBuildFile; fileRef = DDFED38625C398300056FF9C /* DispatchIOManager.swift */; };
/* End PBXBuildFile section */

/* Begin PBXContainerItemProxy section */
		DDC60A7E2339ED6F00BEC45C /* PBXContainerItemProxy */ = {
			isa = PBXContainerItemProxy;
			containerPortal = DDC60A5F2339ED6E00BEC45C /* Project object */;
			proxyType = 1;
			remoteGlobalIDString = DDC60A662339ED6E00BEC45C;
			remoteInfo = Swift5Demo;
		};
		DDC60A892339ED6F00BEC45C /* PBXContainerItemProxy */ = {
			isa = PBXContainerItemProxy;
			containerPortal = DDC60A5F2339ED6E00BEC45C /* Project object */;
			proxyType = 1;
			remoteGlobalIDString = DDC60A662339ED6E00BEC45C;
			remoteInfo = Swift5Demo;
		};
/* End PBXContainerItemProxy section */

/* Begin PBXFileReference section */
		25CA69610BF5329170B3D65D /* libPods-Swift5Demo.a */ = {isa = PBXFileReference; explicitFileType = archive.ar; includeInIndex = 0; path = "libPods-Swift5Demo.a"; sourceTree = BUILT_PRODUCTS_DIR; };
		4EB37D226D5ECD7952DB46C1 /* Pods-Swift5Demo.release.xcconfig */ = {isa = PBXFileReference; includeInIndex = 1; lastKnownFileType = text.xcconfig; name = "Pods-Swift5Demo.release.xcconfig"; path = "Target Support Files/Pods-Swift5Demo/Pods-Swift5Demo.release.xcconfig"; sourceTree = "<group>"; };
		8A1CC92AE09466073B4CC460 /* Pods-Swift5Demo.debug.xcconfig */ = {isa = PBXFileReference; includeInIndex = 1; lastKnownFileType = text.xcconfig; name = "Pods-Swift5Demo.debug.xcconfig"; path = "Target Support Files/Pods-Swift5Demo/Pods-Swift5Demo.debug.xcconfig"; sourceTree = "<group>"; };
		DD10C07C233B68320035D158 /* LoginViewController.swift */ = {isa = PBXFileReference; lastKnownFileType = sourcecode.swift; path = LoginViewController.swift; sourceTree = "<group>"; };
		DD10C080233B6C030035D158 /* MoyaConfig.swift */ = {isa = PBXFileReference; lastKnownFileType = sourcecode.swift; path = MoyaConfig.swift; sourceTree = "<group>"; };
		DD10C086233B6FE50035D158 /* StrInt.swift */ = {isa = PBXFileReference; lastKnownFileType = sourcecode.swift; path = StrInt.swift; sourceTree = "<group>"; };
		DD10C088233B7D650035D158 /* NetRequest.swift */ = {isa = PBXFileReference; lastKnownFileType = sourcecode.swift; path = NetRequest.swift; sourceTree = "<group>"; };
		DD10C08D233B9EF60035D158 /* SaveFiles.swift */ = {isa = PBXFileReference; lastKnownFileType = sourcecode.swift; path = SaveFiles.swift; sourceTree = "<group>"; };
		DD10C08F233BA21B0035D158 /* UserInfoModel.swift */ = {isa = PBXFileReference; fileEncoding = 4; lastKnownFileType = sourcecode.swift; path = UserInfoModel.swift; sourceTree = "<group>"; };
		DD12805A25C5028D00751B98 /* UserApi.swift */ = {isa = PBXFileReference; lastKnownFileType = sourcecode.swift; path = UserApi.swift; sourceTree = "<group>"; };
		DD12805C25C5051700751B98 /* UserTargetType.swift */ = {isa = PBXFileReference; lastKnownFileType = sourcecode.swift; path = UserTargetType.swift; sourceTree = "<group>"; };
		DD202F3D25F1FD41008BE9A6 /* AnalysisCell.swift */ = {isa = PBXFileReference; lastKnownFileType = sourcecode.swift; path = AnalysisCell.swift; sourceTree = "<group>"; };
		DD2464C925BFF6DE00C58D82 /* Swift5Demo-Bridging-Header.h */ = {isa = PBXFileReference; lastKnownFileType = sourcecode.c.h; path = "Swift5Demo-Bridging-Header.h"; sourceTree = "<group>"; };
		DD26A63125B92F480041AF8F /* PayManager.swift */ = {isa = PBXFileReference; lastKnownFileType = sourcecode.swift; path = PayManager.swift; sourceTree = "<group>"; };
		DD2C9C812615BA660044CAD2 /* RXViewController.swift */ = {isa = PBXFileReference; lastKnownFileType = sourcecode.swift; path = RXViewController.swift; sourceTree = "<group>"; };
		DD33CBBD266A07520086D5B4 /* LFVideoEncoder.h */ = {isa = PBXFileReference; lastKnownFileType = sourcecode.c.h; path = LFVideoEncoder.h; sourceTree = "<group>"; };
		DD33CBBE266A07520086D5B4 /* LFVideoEncoder.m */ = {isa = PBXFileReference; lastKnownFileType = sourcecode.c.objc; path = LFVideoEncoder.m; sourceTree = "<group>"; };
		DD33CBC0266A07D30086D5B4 /* LFMP4Atom.h */ = {isa = PBXFileReference; lastKnownFileType = sourcecode.c.h; path = LFMP4Atom.h; sourceTree = "<group>"; };
		DD33CBC1266A07D30086D5B4 /* LFMP4Atom.m */ = {isa = PBXFileReference; lastKnownFileType = sourcecode.c.objc; path = LFMP4Atom.m; sourceTree = "<group>"; };
		DD33CBC9266A101E0086D5B4 /* LFNALUnit.cpp */ = {isa = PBXFileReference; lastKnownFileType = sourcecode.cpp.cpp; path = LFNALUnit.cpp; sourceTree = "<group>"; };
		DD33CBCA266A101E0086D5B4 /* LFNALUnit.hpp */ = {isa = PBXFileReference; lastKnownFileType = sourcecode.cpp.h; path = LFNALUnit.hpp; sourceTree = "<group>"; };
		DD33CBD5266A207F0086D5B4 /* LFAudioEncoding.h */ = {isa = PBXFileReference; lastKnownFileType = sourcecode.c.h; path = LFAudioEncoding.h; sourceTree = "<group>"; };
		DD33CBD8266A20920086D5B4 /* LFH264VideoEncoder.h */ = {isa = PBXFileReference; lastKnownFileType = sourcecode.c.h; path = LFH264VideoEncoder.h; sourceTree = "<group>"; };
		DD33CBD9266A20920086D5B4 /* LFH264VideoEncoder.m */ = {isa = PBXFileReference; lastKnownFileType = sourcecode.c.objc; path = LFH264VideoEncoder.m; sourceTree = "<group>"; };
		DD33CBDB266A20A20086D5B4 /* LFHardwareAudioEncoder.h */ = {isa = PBXFileReference; lastKnownFileType = sourcecode.c.h; path = LFHardwareAudioEncoder.h; sourceTree = "<group>"; };
		DD33CBDC266A20A20086D5B4 /* LFHardwareAudioEncoder.m */ = {isa = PBXFileReference; lastKnownFileType = sourcecode.c.objc; path = LFHardwareAudioEncoder.m; sourceTree = "<group>"; };
		DD33CBDE266A20B10086D5B4 /* LFHardwareVideoEncoder.h */ = {isa = PBXFileReference; lastKnownFileType = sourcecode.c.h; path = LFHardwareVideoEncoder.h; sourceTree = "<group>"; };
		DD33CBDF266A20B10086D5B4 /* LFHardwareVideoEncoder.m */ = {isa = PBXFileReference; lastKnownFileType = sourcecode.c.objc; path = LFHardwareVideoEncoder.m; sourceTree = "<group>"; };
		DD33CBE2266A20E10086D5B4 /* LFLiveAudioConfiguration.h */ = {isa = PBXFileReference; lastKnownFileType = sourcecode.c.h; path = LFLiveAudioConfiguration.h; sourceTree = "<group>"; };
		DD33CBE3266A20E10086D5B4 /* LFLiveAudioConfiguration.m */ = {isa = PBXFileReference; lastKnownFileType = sourcecode.c.objc; path = LFLiveAudioConfiguration.m; sourceTree = "<group>"; };
		DD33CBE5266A20F00086D5B4 /* LFLiveVideoConfiguration.h */ = {isa = PBXFileReference; lastKnownFileType = sourcecode.c.h; path = LFLiveVideoConfiguration.h; sourceTree = "<group>"; };
		DD33CBE6266A20F00086D5B4 /* LFLiveVideoConfiguration.m */ = {isa = PBXFileReference; lastKnownFileType = sourcecode.c.objc; path = LFLiveVideoConfiguration.m; sourceTree = "<group>"; };
		DD33CBE9266A21280086D5B4 /* LFGPUImageBeautyFilter.h */ = {isa = PBXFileReference; lastKnownFileType = sourcecode.c.h; path = LFGPUImageBeautyFilter.h; sourceTree = "<group>"; };
		DD33CBEA266A21280086D5B4 /* LFGPUImageBeautyFilter.m */ = {isa = PBXFileReference; lastKnownFileType = sourcecode.c.objc; path = LFGPUImageBeautyFilter.m; sourceTree = "<group>"; };
		DD33CBEC266A213A0086D5B4 /* LFGPUImageEmptyFilter.h */ = {isa = PBXFileReference; lastKnownFileType = sourcecode.c.h; path = LFGPUImageEmptyFilter.h; sourceTree = "<group>"; };
		DD33CBED266A213A0086D5B4 /* LFGPUImageEmptyFilter.m */ = {isa = PBXFileReference; lastKnownFileType = sourcecode.c.objc; path = LFGPUImageEmptyFilter.m; sourceTree = "<group>"; };
		DD33CBEF266A21AE0086D5B4 /* LFVideoEncoding.h */ = {isa = PBXFileReference; lastKnownFileType = sourcecode.c.h; path = LFVideoEncoding.h; sourceTree = "<group>"; };
		DD4267FB25C4131000CB98A1 /* Api.swift */ = {isa = PBXFileReference; lastKnownFileType = sourcecode.swift; path = Api.swift; sourceTree = "<group>"; };
		DD4267FD25C4145900CB98A1 /* ResultModel.swift */ = {isa = PBXFileReference; lastKnownFileType = sourcecode.swift; path = ResultModel.swift; sourceTree = "<group>"; };
		DD4267FF25C4182200CB98A1 /* TargetType.swift */ = {isa = PBXFileReference; lastKnownFileType = sourcecode.swift; path = TargetType.swift; sourceTree = "<group>"; };
		DD5EBBCD261310BA00C09CE0 /* MusicViewController.swift */ = {isa = PBXFileReference; lastKnownFileType = sourcecode.swift; path = MusicViewController.swift; sourceTree = "<group>"; };
		DD61E7B626553066003EA3C9 /* UIViewController+Rx.swift */ = {isa = PBXFileReference; lastKnownFileType = sourcecode.swift; path = "UIViewController+Rx.swift"; sourceTree = "<group>"; };
		DD6709C025F0B4AD00C9927D /* TabManagerViewController.swift */ = {isa = PBXFileReference; lastKnownFileType = sourcecode.swift; path = TabManagerViewController.swift; sourceTree = "<group>"; };
		DD67B40525C250B30016C60D /* GCDViewController.swift */ = {isa = PBXFileReference; lastKnownFileType = sourcecode.swift; path = GCDViewController.swift; sourceTree = "<group>"; };
		DD67B40825C294670016C60D /* AsyncAfter.swift */ = {isa = PBXFileReference; lastKnownFileType = sourcecode.swift; path = AsyncAfter.swift; sourceTree = "<group>"; };
		DD7E08EE25F0BBF1002281D4 /* TiLableCell.swift */ = {isa = PBXFileReference; lastKnownFileType = sourcecode.swift; path = TiLableCell.swift; sourceTree = "<group>"; };
		DD7E08F025F0BEBA002281D4 /* TiImageCell.swift */ = {isa = PBXFileReference; lastKnownFileType = sourcecode.swift; path = TiImageCell.swift; sourceTree = "<group>"; };
		DD7E08F225F0C600002281D4 /* TiModel.swift */ = {isa = PBXFileReference; lastKnownFileType = sourcecode.swift; path = TiModel.swift; sourceTree = "<group>"; };
		DD7E08F425F0CC94002281D4 /* TiTitleCell.swift */ = {isa = PBXFileReference; lastKnownFileType = sourcecode.swift; path = TiTitleCell.swift; sourceTree = "<group>"; };
		DD7E08F625F0CDDF002281D4 /* OptionAnswerCell.swift */ = {isa = PBXFileReference; lastKnownFileType = sourcecode.swift; path = OptionAnswerCell.swift; sourceTree = "<group>"; };
		DD92E06625C7AC9B00526D08 /* TestAnimations */ = {isa = PBXFileReference; lastKnownFileType = folder; path = TestAnimations; sourceTree = "<group>"; };
		DD954DEF265F95B70095D9F7 /* AttributStrViewController.swift */ = {isa = PBXFileReference; lastKnownFileType = sourcecode.swift; path = AttributStrViewController.swift; sourceTree = "<group>"; };
		DD954DF2265FCF950095D9F7 /* RxTableSectionsViewController.swift */ = {isa = PBXFileReference; lastKnownFileType = sourcecode.swift; path = RxTableSectionsViewController.swift; sourceTree = "<group>"; };
		DD96961626520E6300AD7845 /* DriverViewController.swift */ = {isa = PBXFileReference; lastKnownFileType = sourcecode.swift; path = DriverViewController.swift; sourceTree = "<group>"; };
		DD969618265238C100AD7845 /* RxTableViewController.swift */ = {isa = PBXFileReference; lastKnownFileType = sourcecode.swift; path = RxTableViewController.swift; sourceTree = "<group>"; };
		DD97203625E39D86003E1FB1 /* PhotosViewController.swift */ = {isa = PBXFileReference; lastKnownFileType = sourcecode.swift; path = PhotosViewController.swift; sourceTree = "<group>"; };
		DD97203825E39DB0003E1FB1 /* PhotoWrite.swift */ = {isa = PBXFileReference; lastKnownFileType = sourcecode.swift; path = PhotoWrite.swift; sourceTree = "<group>"; };
		DD97203B25E3AF39003E1FB1 /* CircleViewModel.swift */ = {isa = PBXFileReference; fileEncoding = 4; lastKnownFileType = sourcecode.swift; path = CircleViewModel.swift; sourceTree = "<group>"; };
		DD9A026725BFEFD300E68A57 /* YYPlayViewController.swift */ = {isa = PBXFileReference; lastKnownFileType = sourcecode.swift; path = YYPlayViewController.swift; sourceTree = "<group>"; };
		DD9D921525E205F20024F933 /* PathViewController.swift */ = {isa = PBXFileReference; lastKnownFileType = sourcecode.swift; path = PathViewController.swift; sourceTree = "<group>"; };
		DD9D921725E20E790024F933 /* hanggeDB.sqlite */ = {isa = PBXFileReference; fileEncoding = 4; lastKnownFileType = text; path = hanggeDB.sqlite; sourceTree = "<group>"; };
		DDA149A625B2C6A30040E1CD /* ActiveLabelViewController.swift */ = {isa = PBXFileReference; lastKnownFileType = sourcecode.swift; path = ActiveLabelViewController.swift; sourceTree = "<group>"; };
		DDA149A825B2CADC0040E1CD /* BaseViewController.swift */ = {isa = PBXFileReference; lastKnownFileType = sourcecode.swift; path = BaseViewController.swift; sourceTree = "<group>"; };
		DDB48A982604A5EF0071E301 /* CSSystemCapture.swift */ = {isa = PBXFileReference; lastKnownFileType = sourcecode.swift; path = CSSystemCapture.swift; sourceTree = "<group>"; };
		DDC60A672339ED6E00BEC45C /* Swift5Demo.app */ = {isa = PBXFileReference; explicitFileType = wrapper.application; includeInIndex = 0; path = Swift5Demo.app; sourceTree = BUILT_PRODUCTS_DIR; };
		DDC60A6A2339ED6E00BEC45C /* AppDelegate.swift */ = {isa = PBXFileReference; lastKnownFileType = sourcecode.swift; path = AppDelegate.swift; sourceTree = "<group>"; };
		DDC60A712339ED6E00BEC45C /* Base */ = {isa = PBXFileReference; lastKnownFileType = file.storyboard; name = Base; path = Base.lproj/Main.storyboard; sourceTree = "<group>"; };
		DDC60A732339ED6F00BEC45C /* Assets.xcassets */ = {isa = PBXFileReference; lastKnownFileType = folder.assetcatalog; path = Assets.xcassets; sourceTree = "<group>"; };
		DDC60A762339ED6F00BEC45C /* Base */ = {isa = PBXFileReference; lastKnownFileType = file.storyboard; name = Base; path = Base.lproj/LaunchScreen.storyboard; sourceTree = "<group>"; };
		DDC60A782339ED6F00BEC45C /* Info.plist */ = {isa = PBXFileReference; lastKnownFileType = text.plist.xml; path = Info.plist; sourceTree = "<group>"; };
		DDC60A7D2339ED6F00BEC45C /* Swift5DemoTests.xctest */ = {isa = PBXFileReference; explicitFileType = wrapper.cfbundle; includeInIndex = 0; path = Swift5DemoTests.xctest; sourceTree = BUILT_PRODUCTS_DIR; };
		DDC60A812339ED6F00BEC45C /* Swift5DemoTests.swift */ = {isa = PBXFileReference; lastKnownFileType = sourcecode.swift; path = Swift5DemoTests.swift; sourceTree = "<group>"; };
		DDC60A832339ED6F00BEC45C /* Info.plist */ = {isa = PBXFileReference; lastKnownFileType = text.plist.xml; path = Info.plist; sourceTree = "<group>"; };
		DDC60A882339ED6F00BEC45C /* Swift5DemoUITests.xctest */ = {isa = PBXFileReference; explicitFileType = wrapper.cfbundle; includeInIndex = 0; path = Swift5DemoUITests.xctest; sourceTree = BUILT_PRODUCTS_DIR; };
		DDC60A8C2339ED6F00BEC45C /* Swift5DemoUITests.swift */ = {isa = PBXFileReference; lastKnownFileType = sourcecode.swift; path = Swift5DemoUITests.swift; sourceTree = "<group>"; };
		DDC60A8E2339ED6F00BEC45C /* Info.plist */ = {isa = PBXFileReference; lastKnownFileType = text.plist.xml; path = Info.plist; sourceTree = "<group>"; };
		DDC60A9A2339FBBB00BEC45C /* MessageViewController.swift */ = {isa = PBXFileReference; lastKnownFileType = sourcecode.swift; path = MessageViewController.swift; sourceTree = "<group>"; };
		DDC60A9C2339FBCC00BEC45C /* MyViewController.swift */ = {isa = PBXFileReference; lastKnownFileType = sourcecode.swift; path = MyViewController.swift; sourceTree = "<group>"; };
		DDC60A9E2339FBEB00BEC45C /* HomeViewController.swift */ = {isa = PBXFileReference; lastKnownFileType = sourcecode.swift; path = HomeViewController.swift; sourceTree = "<group>"; };
		DDC60AA9233A125900BEC45C /* WebViewController.swift */ = {isa = PBXFileReference; lastKnownFileType = sourcecode.swift; path = WebViewController.swift; sourceTree = "<group>"; };
		DDC60AAB233A126800BEC45C /* ShareViewController.swift */ = {isa = PBXFileReference; lastKnownFileType = sourcecode.swift; path = ShareViewController.swift; sourceTree = "<group>"; };
		DDC60AAD233A129700BEC45C /* YYTabbarViewController.swift */ = {isa = PBXFileReference; lastKnownFileType = sourcecode.swift; path = YYTabbarViewController.swift; sourceTree = "<group>"; };
		DDC60AAF233A12B300BEC45C /* YYNavViewController.swift */ = {isa = PBXFileReference; lastKnownFileType = sourcecode.swift; path = YYNavViewController.swift; sourceTree = "<group>"; };
		DDD1E9D725F86CD300E49CF6 /* AnswerModel.swift */ = {isa = PBXFileReference; lastKnownFileType = sourcecode.swift; path = AnswerModel.swift; sourceTree = "<group>"; };
		DDD1E9D925F8776E00E49CF6 /* TiConfig.swift */ = {isa = PBXFileReference; lastKnownFileType = sourcecode.swift; path = TiConfig.swift; sourceTree = "<group>"; };
		DDD1E9E525F8A0FC00E49CF6 /* PaixuViewController.swift */ = {isa = PBXFileReference; lastKnownFileType = sourcecode.swift; path = PaixuViewController.swift; sourceTree = "<group>"; };
		DDD1E9E725F8B2BF00E49CF6 /* Array.swift */ = {isa = PBXFileReference; lastKnownFileType = sourcecode.swift; path = Array.swift; sourceTree = "<group>"; };
		DDD1E9EC25F8BE4500E49CF6 /* SortView.swift */ = {isa = PBXFileReference; fileEncoding = 4; lastKnownFileType = sourcecode.swift; path = SortView.swift; sourceTree = "<group>"; };
		DDD892CD25F5D26500FF4085 /* TiBaseViewController.swift */ = {isa = PBXFileReference; lastKnownFileType = sourcecode.swift; path = TiBaseViewController.swift; sourceTree = "<group>"; };
		DDD892D025F5F51100FF4085 /* TiViewController.swift */ = {isa = PBXFileReference; lastKnownFileType = sourcecode.swift; path = TiViewController.swift; sourceTree = "<group>"; };
		DDD892D225F5FD1C00FF4085 /* BottomView.swift */ = {isa = PBXFileReference; lastKnownFileType = sourcecode.swift; path = BottomView.swift; sourceTree = "<group>"; };
		DDE22C40260880DC001038B8 /* CSAudioEncoder.swift */ = {isa = PBXFileReference; lastKnownFileType = sourcecode.swift; path = CSAudioEncoder.swift; sourceTree = "<group>"; };
		DDE22C42260891A7001038B8 /* CSAudioConfig.swift */ = {isa = PBXFileReference; lastKnownFileType = sourcecode.swift; path = CSAudioConfig.swift; sourceTree = "<group>"; };
		DDE68DC825F9FC6100F39601 /* MetalView.swift */ = {isa = PBXFileReference; lastKnownFileType = sourcecode.swift; path = MetalView.swift; sourceTree = "<group>"; };
		DDE68DCC25F9FFB200F39601 /* Shaders.metal */ = {isa = PBXFileReference; fileEncoding = 4; lastKnownFileType = sourcecode.metal; path = Shaders.metal; sourceTree = "<group>"; };
		DDE68DCE25F9FFE800F39601 /* MetalView03.swift */ = {isa = PBXFileReference; lastKnownFileType = sourcecode.swift; path = MetalView03.swift; sourceTree = "<group>"; };
		DDEF1B4B25C7C81B001707CB /* AniViewController.swift */ = {isa = PBXFileReference; lastKnownFileType = sourcecode.swift; path = AniViewController.swift; sourceTree = "<group>"; };
		DDFED38225C2AE210056FF9C /* SuspendAndResum.swift */ = {isa = PBXFileReference; lastKnownFileType = sourcecode.swift; path = SuspendAndResum.swift; sourceTree = "<group>"; };
		DDFED38425C2C0D10056FF9C /* DispatchSourceTest.swift */ = {isa = PBXFileReference; lastKnownFileType = sourcecode.swift; path = DispatchSourceTest.swift; sourceTree = "<group>"; };
		DDFED38625C398300056FF9C /* DispatchIOManager.swift */ = {isa = PBXFileReference; lastKnownFileType = sourcecode.swift; path = DispatchIOManager.swift; sourceTree = "<group>"; };
/* End PBXFileReference section */

/* Begin PBXFrameworksBuildPhase section */
		DDC60A642339ED6E00BEC45C /* Frameworks */ = {
			isa = PBXFrameworksBuildPhase;
			buildActionMask = 2147483647;
			files = (
				954B8FF96652F85F791444E7 /* libPods-Swift5Demo.a in Frameworks */,
			);
			runOnlyForDeploymentPostprocessing = 0;
		};
		DDC60A7A2339ED6F00BEC45C /* Frameworks */ = {
			isa = PBXFrameworksBuildPhase;
			buildActionMask = 2147483647;
			files = (
			);
			runOnlyForDeploymentPostprocessing = 0;
		};
		DDC60A852339ED6F00BEC45C /* Frameworks */ = {
			isa = PBXFrameworksBuildPhase;
			buildActionMask = 2147483647;
			files = (
			);
			runOnlyForDeploymentPostprocessing = 0;
		};
/* End PBXFrameworksBuildPhase section */

/* Begin PBXGroup section */
		30CF9A980BF539B112C679FA /* Frameworks */ = {
			isa = PBXGroup;
			children = (
				25CA69610BF5329170B3D65D /* libPods-Swift5Demo.a */,
			);
			name = Frameworks;
			sourceTree = "<group>";
		};
		67AC0E2AC3CAC49427E37F80 /* Pods */ = {
			isa = PBXGroup;
			children = (
				8A1CC92AE09466073B4CC460 /* Pods-Swift5Demo.debug.xcconfig */,
				4EB37D226D5ECD7952DB46C1 /* Pods-Swift5Demo.release.xcconfig */,
			);
			path = Pods;
			sourceTree = "<group>";
		};
		DD10C07B233B68150035D158 /* login */ = {
			isa = PBXGroup;
			children = (
				DD10C07C233B68320035D158 /* LoginViewController.swift */,
				DD10C08F233BA21B0035D158 /* UserInfoModel.swift */,
			);
			path = login;
			sourceTree = "<group>";
		};
		DD12805625C4FB5300751B98 /* moyaReq */ = {
			isa = PBXGroup;
			children = (
				DD10C088233B7D650035D158 /* NetRequest.swift */,
				DD10C08D233B9EF60035D158 /* SaveFiles.swift */,
			);
			path = moyaReq;
			sourceTree = "<group>";
		};
		DD12805725C4FC0D00751B98 /* rxmoyaRep */ = {
			isa = PBXGroup;
			children = (
				DD4267FF25C4182200CB98A1 /* TargetType.swift */,
			);
			path = rxmoyaRep;
			sourceTree = "<group>";
		};
		DD2464CD25C0195B00C58D82 /* PlayKit */ = {
			isa = PBXGroup;
			children = (
				DDB48A982604A5EF0071E301 /* CSSystemCapture.swift */,
				DDE22C40260880DC001038B8 /* CSAudioEncoder.swift */,
				DDE22C42260891A7001038B8 /* CSAudioConfig.swift */,
			);
			path = PlayKit;
			sourceTree = "<group>";
		};
		DD26A63025B92F140041AF8F /* Pay */ = {
			isa = PBXGroup;
			children = (
				DD26A63125B92F480041AF8F /* PayManager.swift */,
			);
			path = Pay;
			sourceTree = "<group>";
		};
		DD33CBD2266A20410086D5B4 /* live */ = {
			isa = PBXGroup;
			children = (
				DD33CBE8266A210A0086D5B4 /* filter */,
				DD33CBE1266A20CA0086D5B4 /* configuration */,
				DD33CBD4266A205C0086D5B4 /* capture */,
				DD33CBD3266A204D0086D5B4 /* coder */,
			);
			path = live;
			sourceTree = "<group>";
		};
		DD33CBD3266A204D0086D5B4 /* coder */ = {
			isa = PBXGroup;
			children = (
				DD6ED4422666125D001FDAA8 /* h264 */,
				DD33CBD5266A207F0086D5B4 /* LFAudioEncoding.h */,
				DD33CBEF266A21AE0086D5B4 /* LFVideoEncoding.h */,
				DD33CBD8266A20920086D5B4 /* LFH264VideoEncoder.h */,
				DD33CBD9266A20920086D5B4 /* LFH264VideoEncoder.m */,
				DD33CBDB266A20A20086D5B4 /* LFHardwareAudioEncoder.h */,
				DD33CBDC266A20A20086D5B4 /* LFHardwareAudioEncoder.m */,
				DD33CBDE266A20B10086D5B4 /* LFHardwareVideoEncoder.h */,
				DD33CBDF266A20B10086D5B4 /* LFHardwareVideoEncoder.m */,
			);
			path = coder;
			sourceTree = "<group>";
		};
		DD33CBD4266A205C0086D5B4 /* capture */ = {
			isa = PBXGroup;
			children = (
			);
			path = capture;
			sourceTree = "<group>";
		};
		DD33CBE1266A20CA0086D5B4 /* configuration */ = {
			isa = PBXGroup;
			children = (
				DD33CBE2266A20E10086D5B4 /* LFLiveAudioConfiguration.h */,
				DD33CBE3266A20E10086D5B4 /* LFLiveAudioConfiguration.m */,
				DD33CBE5266A20F00086D5B4 /* LFLiveVideoConfiguration.h */,
				DD33CBE6266A20F00086D5B4 /* LFLiveVideoConfiguration.m */,
			);
			path = configuration;
			sourceTree = "<group>";
		};
		DD33CBE8266A210A0086D5B4 /* filter */ = {
			isa = PBXGroup;
			children = (
				DD33CBE9266A21280086D5B4 /* LFGPUImageBeautyFilter.h */,
				DD33CBEA266A21280086D5B4 /* LFGPUImageBeautyFilter.m */,
				DD33CBEC266A213A0086D5B4 /* LFGPUImageEmptyFilter.h */,
				DD33CBED266A213A0086D5B4 /* LFGPUImageEmptyFilter.m */,
			);
			path = filter;
			sourceTree = "<group>";
		};
		DD6709B825F0AE7300C9927D /* TabManager */ = {
			isa = PBXGroup;
			children = (
				DDD892CC25F5D24000FF4085 /* Basevc */,
				DD6709EC25F0BADE00C9927D /* Models */,
				DD6709EB25F0BAC800C9927D /* Views */,
				DD6709C025F0B4AD00C9927D /* TabManagerViewController.swift */,
				DDD892D225F5FD1C00FF4085 /* BottomView.swift */,
				DDD892D025F5F51100FF4085 /* TiViewController.swift */,
			);
			path = TabManager;
			sourceTree = "<group>";
		};
		DD6709EB25F0BAC800C9927D /* Views */ = {
			isa = PBXGroup;
			children = (
				DD7E08EE25F0BBF1002281D4 /* TiLableCell.swift */,
				DD7E08F425F0CC94002281D4 /* TiTitleCell.swift */,
				DD7E08F025F0BEBA002281D4 /* TiImageCell.swift */,
				DD7E08F625F0CDDF002281D4 /* OptionAnswerCell.swift */,
				DD202F3D25F1FD41008BE9A6 /* AnalysisCell.swift */,
			);
			path = Views;
			sourceTree = "<group>";
		};
		DD6709EC25F0BADE00C9927D /* Models */ = {
			isa = PBXGroup;
			children = (
				DD7E08F225F0C600002281D4 /* TiModel.swift */,
				DDD1E9D725F86CD300E49CF6 /* AnswerModel.swift */,
			);
			path = Models;
			sourceTree = "<group>";
		};
		DD67B40725C2943B0016C60D /* GCD */ = {
			isa = PBXGroup;
			children = (
				DD67B40525C250B30016C60D /* GCDViewController.swift */,
				DD67B40825C294670016C60D /* AsyncAfter.swift */,
				DDFED38225C2AE210056FF9C /* SuspendAndResum.swift */,
				DDFED38425C2C0D10056FF9C /* DispatchSourceTest.swift */,
				DDFED38625C398300056FF9C /* DispatchIOManager.swift */,
			);
			path = GCD;
			sourceTree = "<group>";
		};
		DD6ED4422666125D001FDAA8 /* h264 */ = {
			isa = PBXGroup;
			children = (
				DD33CBBD266A07520086D5B4 /* LFVideoEncoder.h */,
				DD33CBBE266A07520086D5B4 /* LFVideoEncoder.m */,
				DD33CBC0266A07D30086D5B4 /* LFMP4Atom.h */,
				DD33CBC1266A07D30086D5B4 /* LFMP4Atom.m */,
				DD33CBC9266A101E0086D5B4 /* LFNALUnit.cpp */,
				DD33CBCA266A101E0086D5B4 /* LFNALUnit.hpp */,
			);
			path = h264;
			sourceTree = "<group>";
		};
		DD92DF0825C7A65E00526D08 /* lottie */ = {
			isa = PBXGroup;
			children = (
				DDEF1B4B25C7C81B001707CB /* AniViewController.swift */,
			);
			path = lottie;
			sourceTree = "<group>";
		};
		DD97203525E3978A003E1FB1 /* Rxwift */ = {
			isa = PBXGroup;
			children = (
				DD97203625E39D86003E1FB1 /* PhotosViewController.swift */,
				DD97203825E39DB0003E1FB1 /* PhotoWrite.swift */,
				DD97203B25E3AF39003E1FB1 /* CircleViewModel.swift */,
				DD5EBBCD261310BA00C09CE0 /* MusicViewController.swift */,
				DD2C9C812615BA660044CAD2 /* RXViewController.swift */,
				DD96961626520E6300AD7845 /* DriverViewController.swift */,
				DD969618265238C100AD7845 /* RxTableViewController.swift */,
				DD954DF2265FCF950095D9F7 /* RxTableSectionsViewController.swift */,
				DD61E7B626553066003EA3C9 /* UIViewController+Rx.swift */,
				DD954DEF265F95B70095D9F7 /* AttributStrViewController.swift */,
			);
			path = Rxwift;
			sourceTree = "<group>";
		};
		DD9A026925BFF13200E68A57 /* Play */ = {
			isa = PBXGroup;
			children = (
				DD2464CD25C0195B00C58D82 /* PlayKit */,
				DD9A026725BFEFD300E68A57 /* YYPlayViewController.swift */,
			);
			path = Play;
			sourceTree = "<group>";
		};
		DD9D921425E205AD0024F933 /* Path */ = {
			isa = PBXGroup;
			children = (
				DD9D921525E205F20024F933 /* PathViewController.swift */,
			);
			path = Path;
			sourceTree = "<group>";
		};
		DDC60A5E2339ED6E00BEC45C = {
			isa = PBXGroup;
			children = (
				DDC60A692339ED6E00BEC45C /* Swift5Demo */,
				DDC60A802339ED6F00BEC45C /* Swift5DemoTests */,
				DDC60A8B2339ED6F00BEC45C /* Swift5DemoUITests */,
				DDC60A682339ED6E00BEC45C /* Products */,
				67AC0E2AC3CAC49427E37F80 /* Pods */,
				30CF9A980BF539B112C679FA /* Frameworks */,
			);
			sourceTree = "<group>";
		};
		DDC60A682339ED6E00BEC45C /* Products */ = {
			isa = PBXGroup;
			children = (
				DDC60A672339ED6E00BEC45C /* Swift5Demo.app */,
				DDC60A7D2339ED6F00BEC45C /* Swift5DemoTests.xctest */,
				DDC60A882339ED6F00BEC45C /* Swift5DemoUITests.xctest */,
			);
			name = Products;
			sourceTree = "<group>";
		};
		DDC60A692339ED6E00BEC45C /* Swift5Demo */ = {
			isa = PBXGroup;
			children = (
				DD92E06625C7AC9B00526D08 /* TestAnimations */,
				DDC60AA6233A120F00BEC45C /* tools */,
				DDC60AA1233A11D800BEC45C /* http */,
				DDC60AA0233A11D000BEC45C /* calss */,
				DDC60A6A2339ED6E00BEC45C /* AppDelegate.swift */,
				DDC60A702339ED6E00BEC45C /* Main.storyboard */,
				DDC60A732339ED6F00BEC45C /* Assets.xcassets */,
				DDC60A752339ED6F00BEC45C /* LaunchScreen.storyboard */,
				DDC60A782339ED6F00BEC45C /* Info.plist */,
				DD9D921725E20E790024F933 /* hanggeDB.sqlite */,
			);
			path = Swift5Demo;
			sourceTree = "<group>";
		};
		DDC60A802339ED6F00BEC45C /* Swift5DemoTests */ = {
			isa = PBXGroup;
			children = (
				DDC60A812339ED6F00BEC45C /* Swift5DemoTests.swift */,
				DDC60A832339ED6F00BEC45C /* Info.plist */,
			);
			path = Swift5DemoTests;
			sourceTree = "<group>";
		};
		DDC60A8B2339ED6F00BEC45C /* Swift5DemoUITests */ = {
			isa = PBXGroup;
			children = (
				DDC60A8C2339ED6F00BEC45C /* Swift5DemoUITests.swift */,
				DDC60A8E2339ED6F00BEC45C /* Info.plist */,
			);
			path = Swift5DemoUITests;
			sourceTree = "<group>";
		};
		DDC60AA0233A11D000BEC45C /* calss */ = {
			isa = PBXGroup;
			children = (
				DD33CBD2266A20410086D5B4 /* live */,
				DD10C07B233B68150035D158 /* login */,
				DDC60AA8233A122D00BEC45C /* base */,
				DDC60AA7233A122100BEC45C /* share */,
				DDC60AA5233A11FC00BEC45C /* web */,
				DDC60AA4233A11F700BEC45C /* my */,
				DDC60AA3233A11F000BEC45C /* message */,
				DDC60AA2233A11E900BEC45C /* home */,
			);
			path = calss;
			sourceTree = "<group>";
		};
		DDC60AA1233A11D800BEC45C /* http */ = {
			isa = PBXGroup;
			children = (
				DD12805725C4FC0D00751B98 /* rxmoyaRep */,
				DD12805625C4FB5300751B98 /* moyaReq */,
				DD4267FD25C4145900CB98A1 /* ResultModel.swift */,
				DD10C080233B6C030035D158 /* MoyaConfig.swift */,
				DD4267FB25C4131000CB98A1 /* Api.swift */,
				DD12805A25C5028D00751B98 /* UserApi.swift */,
				DD12805C25C5051700751B98 /* UserTargetType.swift */,
			);
			path = http;
			sourceTree = "<group>";
		};
		DDC60AA2233A11E900BEC45C /* home */ = {
			isa = PBXGroup;
			children = (
				DDE68DC725F9FC0C00F39601 /* metalcode */,
				DDD1E9E425F8A0DA00E49CF6 /* paixu */,
				DD97203525E3978A003E1FB1 /* Rxwift */,
				DD9D921425E205AD0024F933 /* Path */,
				DD26A63025B92F140041AF8F /* Pay */,
				DD9A026925BFF13200E68A57 /* Play */,
				DD67B40725C2943B0016C60D /* GCD */,
				DD92DF0825C7A65E00526D08 /* lottie */,
				DDC60A9E2339FBEB00BEC45C /* HomeViewController.swift */,
				DDA149A625B2C6A30040E1CD /* ActiveLabelViewController.swift */,
			);
			path = home;
			sourceTree = "<group>";
		};
		DDC60AA3233A11F000BEC45C /* message */ = {
			isa = PBXGroup;
			children = (
				DDC60A9A2339FBBB00BEC45C /* MessageViewController.swift */,
			);
			path = message;
			sourceTree = "<group>";
		};
		DDC60AA4233A11F700BEC45C /* my */ = {
			isa = PBXGroup;
			children = (
				DDC60A9C2339FBCC00BEC45C /* MyViewController.swift */,
				DD6709B825F0AE7300C9927D /* TabManager */,
			);
			path = my;
			sourceTree = "<group>";
		};
		DDC60AA5233A11FC00BEC45C /* web */ = {
			isa = PBXGroup;
			children = (
				DDC60AA9233A125900BEC45C /* WebViewController.swift */,
			);
			path = web;
			sourceTree = "<group>";
		};
		DDC60AA6233A120F00BEC45C /* tools */ = {
			isa = PBXGroup;
			children = (
				DD10C086233B6FE50035D158 /* StrInt.swift */,
				DDD1E9E725F8B2BF00E49CF6 /* Array.swift */,
			);
			path = tools;
			sourceTree = "<group>";
		};
		DDC60AA7233A122100BEC45C /* share */ = {
			isa = PBXGroup;
			children = (
				DDC60AAB233A126800BEC45C /* ShareViewController.swift */,
			);
			path = share;
			sourceTree = "<group>";
		};
		DDC60AA8233A122D00BEC45C /* base */ = {
			isa = PBXGroup;
			children = (
				DDC60AAD233A129700BEC45C /* YYTabbarViewController.swift */,
				DDC60AAF233A12B300BEC45C /* YYNavViewController.swift */,
				DDA149A825B2CADC0040E1CD /* BaseViewController.swift */,
				DD2464C925BFF6DE00C58D82 /* Swift5Demo-Bridging-Header.h */,
			);
			path = base;
			sourceTree = "<group>";
		};
		DDD1E9E425F8A0DA00E49CF6 /* paixu */ = {
			isa = PBXGroup;
			children = (
				DDD1E9E525F8A0FC00E49CF6 /* PaixuViewController.swift */,
				DDD1E9EC25F8BE4500E49CF6 /* SortView.swift */,
			);
			path = paixu;
			sourceTree = "<group>";
		};
		DDD892CC25F5D24000FF4085 /* Basevc */ = {
			isa = PBXGroup;
			children = (
				DDD892CD25F5D26500FF4085 /* TiBaseViewController.swift */,
				DDD1E9D925F8776E00E49CF6 /* TiConfig.swift */,
			);
			path = Basevc;
			sourceTree = "<group>";
		};
		DDE68DC725F9FC0C00F39601 /* metalcode */ = {
			isa = PBXGroup;
			children = (
				DDE68DC825F9FC6100F39601 /* MetalView.swift */,
				DDE68DCB25F9FF9D00F39601 /* 03 */,
			);
			path = metalcode;
			sourceTree = "<group>";
		};
		DDE68DCB25F9FF9D00F39601 /* 03 */ = {
			isa = PBXGroup;
			children = (
				DDE68DCC25F9FFB200F39601 /* Shaders.metal */,
				DDE68DCE25F9FFE800F39601 /* MetalView03.swift */,
			);
			path = 03;
			sourceTree = "<group>";
		};
/* End PBXGroup section */

/* Begin PBXNativeTarget section */
		DDC60A662339ED6E00BEC45C /* Swift5Demo */ = {
			isa = PBXNativeTarget;
			buildConfigurationList = DDC60A912339ED6F00BEC45C /* Build configuration list for PBXNativeTarget "Swift5Demo" */;
			buildPhases = (
				F5802DC23F28A10956A5A7CD /* [CP] Check Pods Manifest.lock */,
				DDC60A632339ED6E00BEC45C /* Sources */,
				DDC60A642339ED6E00BEC45C /* Frameworks */,
				DDC60A652339ED6E00BEC45C /* Resources */,
				D7E595B223ACD43B73674630 /* [CP] Copy Pods Resources */,
			);
			buildRules = (
			);
			dependencies = (
			);
			name = Swift5Demo;
			productName = Swift5Demo;
			productReference = DDC60A672339ED6E00BEC45C /* Swift5Demo.app */;
			productType = "com.apple.product-type.application";
		};
		DDC60A7C2339ED6F00BEC45C /* Swift5DemoTests */ = {
			isa = PBXNativeTarget;
			buildConfigurationList = DDC60A942339ED6F00BEC45C /* Build configuration list for PBXNativeTarget "Swift5DemoTests" */;
			buildPhases = (
				DDC60A792339ED6F00BEC45C /* Sources */,
				DDC60A7A2339ED6F00BEC45C /* Frameworks */,
				DDC60A7B2339ED6F00BEC45C /* Resources */,
			);
			buildRules = (
			);
			dependencies = (
				DDC60A7F2339ED6F00BEC45C /* PBXTargetDependency */,
			);
			name = Swift5DemoTests;
			productName = Swift5DemoTests;
			productReference = DDC60A7D2339ED6F00BEC45C /* Swift5DemoTests.xctest */;
			productType = "com.apple.product-type.bundle.unit-test";
		};
		DDC60A872339ED6F00BEC45C /* Swift5DemoUITests */ = {
			isa = PBXNativeTarget;
			buildConfigurationList = DDC60A972339ED6F00BEC45C /* Build configuration list for PBXNativeTarget "Swift5DemoUITests" */;
			buildPhases = (
				DDC60A842339ED6F00BEC45C /* Sources */,
				DDC60A852339ED6F00BEC45C /* Frameworks */,
				DDC60A862339ED6F00BEC45C /* Resources */,
			);
			buildRules = (
			);
			dependencies = (
				DDC60A8A2339ED6F00BEC45C /* PBXTargetDependency */,
			);
			name = Swift5DemoUITests;
			productName = Swift5DemoUITests;
			productReference = DDC60A882339ED6F00BEC45C /* Swift5DemoUITests.xctest */;
			productType = "com.apple.product-type.bundle.ui-testing";
		};
/* End PBXNativeTarget section */

/* Begin PBXProject section */
		DDC60A5F2339ED6E00BEC45C /* Project object */ = {
			isa = PBXProject;
			attributes = {
				LastSwiftUpdateCheck = 1100;
				LastUpgradeCheck = 1100;
				ORGANIZATIONNAME = com.ayong.myapp;
				TargetAttributes = {
					DDC60A662339ED6E00BEC45C = {
						CreatedOnToolsVersion = 11.0;
						LastSwiftMigration = 1230;
					};
					DDC60A7C2339ED6F00BEC45C = {
						CreatedOnToolsVersion = 11.0;
						TestTargetID = DDC60A662339ED6E00BEC45C;
					};
					DDC60A872339ED6F00BEC45C = {
						CreatedOnToolsVersion = 11.0;
						TestTargetID = DDC60A662339ED6E00BEC45C;
					};
				};
			};
			buildConfigurationList = DDC60A622339ED6E00BEC45C /* Build configuration list for PBXProject "Swift5Demo" */;
			compatibilityVersion = "Xcode 9.3";
			developmentRegion = en;
			hasScannedForEncodings = 0;
			knownRegions = (
				en,
				Base,
			);
			mainGroup = DDC60A5E2339ED6E00BEC45C;
			productRefGroup = DDC60A682339ED6E00BEC45C /* Products */;
			projectDirPath = "";
			projectRoot = "";
			targets = (
				DDC60A662339ED6E00BEC45C /* Swift5Demo */,
				DDC60A7C2339ED6F00BEC45C /* Swift5DemoTests */,
				DDC60A872339ED6F00BEC45C /* Swift5DemoUITests */,
			);
		};
/* End PBXProject section */

/* Begin PBXResourcesBuildPhase section */
		DDC60A652339ED6E00BEC45C /* Resources */ = {
			isa = PBXResourcesBuildPhase;
			buildActionMask = 2147483647;
			files = (
				DDC60A772339ED6F00BEC45C /* LaunchScreen.storyboard in Resources */,
				DD92E06725C7AC9B00526D08 /* TestAnimations in Resources */,
				DDC60A742339ED6F00BEC45C /* Assets.xcassets in Resources */,
				DDC60A722339ED6E00BEC45C /* Main.storyboard in Resources */,
				DD9D921825E20E790024F933 /* hanggeDB.sqlite in Resources */,
			);
			runOnlyForDeploymentPostprocessing = 0;
		};
		DDC60A7B2339ED6F00BEC45C /* Resources */ = {
			isa = PBXResourcesBuildPhase;
			buildActionMask = 2147483647;
			files = (
			);
			runOnlyForDeploymentPostprocessing = 0;
		};
		DDC60A862339ED6F00BEC45C /* Resources */ = {
			isa = PBXResourcesBuildPhase;
			buildActionMask = 2147483647;
			files = (
			);
			runOnlyForDeploymentPostprocessing = 0;
		};
/* End PBXResourcesBuildPhase section */

/* Begin PBXShellScriptBuildPhase section */
		D7E595B223ACD43B73674630 /* [CP] Copy Pods Resources */ = {
			isa = PBXShellScriptBuildPhase;
			buildActionMask = 2147483647;
			files = (
			);
			inputFileListPaths = (
				"${PODS_ROOT}/Target Support Files/Pods-Swift5Demo/Pods-Swift5Demo-resources-${CONFIGURATION}-input-files.xcfilelist",
			);
			name = "[CP] Copy Pods Resources";
			outputFileListPaths = (
				"${PODS_ROOT}/Target Support Files/Pods-Swift5Demo/Pods-Swift5Demo-resources-${CONFIGURATION}-output-files.xcfilelist",
			);
			runOnlyForDeploymentPostprocessing = 0;
			shellPath = /bin/sh;
			shellScript = "\"${PODS_ROOT}/Target Support Files/Pods-Swift5Demo/Pods-Swift5Demo-resources.sh\"\n";
			showEnvVarsInLog = 0;
		};
		F5802DC23F28A10956A5A7CD /* [CP] Check Pods Manifest.lock */ = {
			isa = PBXShellScriptBuildPhase;
			buildActionMask = 2147483647;
			files = (
			);
			inputFileListPaths = (
			);
			inputPaths = (
				"${PODS_PODFILE_DIR_PATH}/Podfile.lock",
				"${PODS_ROOT}/Manifest.lock",
			);
			name = "[CP] Check Pods Manifest.lock";
			outputFileListPaths = (
			);
			outputPaths = (
				"$(DERIVED_FILE_DIR)/Pods-Swift5Demo-checkManifestLockResult.txt",
			);
			runOnlyForDeploymentPostprocessing = 0;
			shellPath = /bin/sh;
			shellScript = "diff \"${PODS_PODFILE_DIR_PATH}/Podfile.lock\" \"${PODS_ROOT}/Manifest.lock\" > /dev/null\nif [ $? != 0 ] ; then\n    # print error to STDERR\n    echo \"error: The sandbox is not in sync with the Podfile.lock. Run 'pod install' or update your CocoaPods installation.\" >&2\n    exit 1\nfi\n# This output is used by Xcode 'outputs' to avoid re-running this script phase.\necho \"SUCCESS\" > \"${SCRIPT_OUTPUT_FILE_0}\"\n";
			showEnvVarsInLog = 0;
		};
/* End PBXShellScriptBuildPhase section */

/* Begin PBXSourcesBuildPhase section */
		DDC60A632339ED6E00BEC45C /* Sources */ = {
			isa = PBXSourcesBuildPhase;
			buildActionMask = 2147483647;
			files = (
				DD97203925E39DB0003E1FB1 /* PhotoWrite.swift in Sources */,
				DD202F3E25F1FD41008BE9A6 /* AnalysisCell.swift in Sources */,
				DD9A026825BFEFD300E68A57 /* YYPlayViewController.swift in Sources */,
				DD26A63225B92F480041AF8F /* PayManager.swift in Sources */,
				DDD892D325F5FD1C00FF4085 /* BottomView.swift in Sources */,
				DDA149A725B2C6A30040E1CD /* ActiveLabelViewController.swift in Sources */,
				DD33CBC2266A07D30086D5B4 /* LFMP4Atom.m in Sources */,
				DDD1E9E825F8B2BF00E49CF6 /* Array.swift in Sources */,
				DDB48A992604A5EF0071E301 /* CSSystemCapture.swift in Sources */,
				DDC60AAC233A126800BEC45C /* ShareViewController.swift in Sources */,
				DDE22C41260880DC001038B8 /* CSAudioEncoder.swift in Sources */,
				DD33CBEB266A21280086D5B4 /* LFGPUImageBeautyFilter.m in Sources */,
				DD12805B25C5028D00751B98 /* UserApi.swift in Sources */,
				DD6709C125F0B4AD00C9927D /* TabManagerViewController.swift in Sources */,
				DDC60A6B2339ED6E00BEC45C /* AppDelegate.swift in Sources */,
				DD4267FC25C4131000CB98A1 /* Api.swift in Sources */,
				DDD1E9ED25F8BE4500E49CF6 /* SortView.swift in Sources */,
				DD33CBE7266A20F00086D5B4 /* LFLiveVideoConfiguration.m in Sources */,
				DD7E08F525F0CC94002281D4 /* TiTitleCell.swift in Sources */,
				DD33CBCB266A101E0086D5B4 /* LFNALUnit.cpp in Sources */,
				DD5EBBCE261310BA00C09CE0 /* MusicViewController.swift in Sources */,
				DD954DF0265F95B70095D9F7 /* AttributStrViewController.swift in Sources */,
				DD10C087233B6FE50035D158 /* StrInt.swift in Sources */,
				DD96961726520E6300AD7845 /* DriverViewController.swift in Sources */,
				DD67B40925C294670016C60D /* AsyncAfter.swift in Sources */,
				DDEF1B4C25C7C81B001707CB /* AniViewController.swift in Sources */,
				DDFED38725C398300056FF9C /* DispatchIOManager.swift in Sources */,
				DDA149A925B2CADC0040E1CD /* BaseViewController.swift in Sources */,
				DD969619265238C100AD7845 /* RxTableViewController.swift in Sources */,
				DD4267FE25C4145900CB98A1 /* ResultModel.swift in Sources */,
				DDC60AB0233A12B300BEC45C /* YYNavViewController.swift in Sources */,
				DD97203C25E3AF39003E1FB1 /* CircleViewModel.swift in Sources */,
				DD33CBE0266A20B10086D5B4 /* LFHardwareVideoEncoder.m in Sources */,
				DDC60AAA233A125900BEC45C /* WebViewController.swift in Sources */,
				DD954DF3265FCF950095D9F7 /* RxTableSectionsViewController.swift in Sources */,
				DDFED38325C2AE210056FF9C /* SuspendAndResum.swift in Sources */,
				DDE68DCD25F9FFB200F39601 /* Shaders.metal in Sources */,
				DDFED38525C2C0D10056FF9C /* DispatchSourceTest.swift in Sources */,
				DDC60A9B2339FBBB00BEC45C /* MessageViewController.swift in Sources */,
				DD67B40625C250B30016C60D /* GCDViewController.swift in Sources */,
				DDD1E9D825F86CD300E49CF6 /* AnswerModel.swift in Sources */,
				DD12805D25C5051700751B98 /* UserTargetType.swift in Sources */,
				DDE68DC925F9FC6100F39601 /* MetalView.swift in Sources */,
				DD97203725E39D86003E1FB1 /* PhotosViewController.swift in Sources */,
				DDD1E9DA25F8776E00E49CF6 /* TiConfig.swift in Sources */,
				DD7E08F125F0BEBA002281D4 /* TiImageCell.swift in Sources */,
				DDC60AAE233A129700BEC45C /* YYTabbarViewController.swift in Sources */,
				DD10C081233B6C030035D158 /* MoyaConfig.swift in Sources */,
				DD33CBDA266A20920086D5B4 /* LFH264VideoEncoder.m in Sources */,
				DD42680025C4182200CB98A1 /* TargetType.swift in Sources */,
				DDC60A9D2339FBCC00BEC45C /* MyViewController.swift in Sources */,
				DD10C090233BA21B0035D158 /* UserInfoModel.swift in Sources */,
				DD2C9C822615BA660044CAD2 /* RXViewController.swift in Sources */,
				DD10C08E233B9EF60035D158 /* SaveFiles.swift in Sources */,
				DD33CBDD266A20A20086D5B4 /* LFHardwareAudioEncoder.m in Sources */,
				DD33CBE4266A20E10086D5B4 /* LFLiveAudioConfiguration.m in Sources */,
				DD7E08F325F0C600002281D4 /* TiModel.swift in Sources */,
				DDC60A9F2339FBEB00BEC45C /* HomeViewController.swift in Sources */,
				DD33CBBF266A07520086D5B4 /* LFVideoEncoder.m in Sources */,
				DDE22C43260891A7001038B8 /* CSAudioConfig.swift in Sources */,
				DD7E08EF25F0BBF1002281D4 /* TiLableCell.swift in Sources */,
				DD33CBEE266A213A0086D5B4 /* LFGPUImageEmptyFilter.m in Sources */,
				DD10C07D233B68320035D158 /* LoginViewController.swift in Sources */,
				DD10C089233B7D650035D158 /* NetRequest.swift in Sources */,
				DDD892CE25F5D26500FF4085 /* TiBaseViewController.swift in Sources */,
				DDD1E9E625F8A0FC00E49CF6 /* PaixuViewController.swift in Sources */,
				DDE68DCF25F9FFE800F39601 /* MetalView03.swift in Sources */,
				DD61E7B726553066003EA3C9 /* UIViewController+Rx.swift in Sources */,
				DDD892D125F5F51100FF4085 /* TiViewController.swift in Sources */,
				DD7E08F725F0CDDF002281D4 /* OptionAnswerCell.swift in Sources */,
				DD9D921625E205F20024F933 /* PathViewController.swift in Sources */,
			);
			runOnlyForDeploymentPostprocessing = 0;
		};
		DDC60A792339ED6F00BEC45C /* Sources */ = {
			isa = PBXSourcesBuildPhase;
			buildActionMask = 2147483647;
			files = (
				DDC60A822339ED6F00BEC45C /* Swift5DemoTests.swift in Sources */,
			);
			runOnlyForDeploymentPostprocessing = 0;
		};
		DDC60A842339ED6F00BEC45C /* Sources */ = {
			isa = PBXSourcesBuildPhase;
			buildActionMask = 2147483647;
			files = (
				DDC60A8D2339ED6F00BEC45C /* Swift5DemoUITests.swift in Sources */,
			);
			runOnlyForDeploymentPostprocessing = 0;
		};
/* End PBXSourcesBuildPhase section */

/* Begin PBXTargetDependency section */
		DDC60A7F2339ED6F00BEC45C /* PBXTargetDependency */ = {
			isa = PBXTargetDependency;
			target = DDC60A662339ED6E00BEC45C /* Swift5Demo */;
			targetProxy = DDC60A7E2339ED6F00BEC45C /* PBXContainerItemProxy */;
		};
		DDC60A8A2339ED6F00BEC45C /* PBXTargetDependency */ = {
			isa = PBXTargetDependency;
			target = DDC60A662339ED6E00BEC45C /* Swift5Demo */;
			targetProxy = DDC60A892339ED6F00BEC45C /* PBXContainerItemProxy */;
		};
/* End PBXTargetDependency section */

/* Begin PBXVariantGroup section */
		DDC60A702339ED6E00BEC45C /* Main.storyboard */ = {
			isa = PBXVariantGroup;
			children = (
				DDC60A712339ED6E00BEC45C /* Base */,
			);
			name = Main.storyboard;
			sourceTree = "<group>";
		};
		DDC60A752339ED6F00BEC45C /* LaunchScreen.storyboard */ = {
			isa = PBXVariantGroup;
			children = (
				DDC60A762339ED6F00BEC45C /* Base */,
			);
			name = LaunchScreen.storyboard;
			sourceTree = "<group>";
		};
/* End PBXVariantGroup section */

/* Begin XCBuildConfiguration section */
		DDC60A8F2339ED6F00BEC45C /* Debug */ = {
			isa = XCBuildConfiguration;
			buildSettings = {
				ALWAYS_SEARCH_USER_PATHS = NO;
				CLANG_ANALYZER_NONNULL = YES;
				CLANG_ANALYZER_NUMBER_OBJECT_CONVERSION = YES_AGGRESSIVE;
				CLANG_CXX_LANGUAGE_STANDARD = "gnu++14";
				CLANG_CXX_LIBRARY = "libc++";
				CLANG_ENABLE_MODULES = YES;
				CLANG_ENABLE_OBJC_ARC = YES;
				CLANG_ENABLE_OBJC_WEAK = YES;
				CLANG_WARN_BLOCK_CAPTURE_AUTORELEASING = YES;
				CLANG_WARN_BOOL_CONVERSION = YES;
				CLANG_WARN_COMMA = YES;
				CLANG_WARN_CONSTANT_CONVERSION = YES;
				CLANG_WARN_DEPRECATED_OBJC_IMPLEMENTATIONS = YES;
				CLANG_WARN_DIRECT_OBJC_ISA_USAGE = YES_ERROR;
				CLANG_WARN_DOCUMENTATION_COMMENTS = YES;
				CLANG_WARN_EMPTY_BODY = YES;
				CLANG_WARN_ENUM_CONVERSION = YES;
				CLANG_WARN_INFINITE_RECURSION = YES;
				CLANG_WARN_INT_CONVERSION = YES;
				CLANG_WARN_NON_LITERAL_NULL_CONVERSION = YES;
				CLANG_WARN_OBJC_IMPLICIT_RETAIN_SELF = YES;
				CLANG_WARN_OBJC_LITERAL_CONVERSION = YES;
				CLANG_WARN_OBJC_ROOT_CLASS = YES_ERROR;
				CLANG_WARN_RANGE_LOOP_ANALYSIS = YES;
				CLANG_WARN_STRICT_PROTOTYPES = YES;
				CLANG_WARN_SUSPICIOUS_MOVE = YES;
				CLANG_WARN_UNGUARDED_AVAILABILITY = YES_AGGRESSIVE;
				CLANG_WARN_UNREACHABLE_CODE = YES;
				CLANG_WARN__DUPLICATE_METHOD_MATCH = YES;
				COPY_PHASE_STRIP = NO;
				DEBUG_INFORMATION_FORMAT = dwarf;
				ENABLE_STRICT_OBJC_MSGSEND = YES;
				ENABLE_TESTABILITY = YES;
				GCC_C_LANGUAGE_STANDARD = gnu11;
				GCC_DYNAMIC_NO_PIC = NO;
				GCC_NO_COMMON_BLOCKS = YES;
				GCC_OPTIMIZATION_LEVEL = 0;
				GCC_PREPROCESSOR_DEFINITIONS = (
					"DEBUG=1",
					"$(inherited)",
				);
				GCC_WARN_64_TO_32_BIT_CONVERSION = YES;
				GCC_WARN_ABOUT_RETURN_TYPE = YES_ERROR;
				GCC_WARN_UNDECLARED_SELECTOR = YES;
				GCC_WARN_UNINITIALIZED_AUTOS = YES_AGGRESSIVE;
				GCC_WARN_UNUSED_FUNCTION = YES;
				GCC_WARN_UNUSED_VARIABLE = YES;
				IPHONEOS_DEPLOYMENT_TARGET = 13.0;
				MTL_ENABLE_DEBUG_INFO = INCLUDE_SOURCE;
				MTL_FAST_MATH = YES;
				ONLY_ACTIVE_ARCH = YES;
				SDKROOT = iphoneos;
				SWIFT_ACTIVE_COMPILATION_CONDITIONS = DEBUG;
				SWIFT_OPTIMIZATION_LEVEL = "-Onone";
			};
			name = Debug;
		};
		DDC60A902339ED6F00BEC45C /* Release */ = {
			isa = XCBuildConfiguration;
			buildSettings = {
				ALWAYS_SEARCH_USER_PATHS = NO;
				CLANG_ANALYZER_NONNULL = YES;
				CLANG_ANALYZER_NUMBER_OBJECT_CONVERSION = YES_AGGRESSIVE;
				CLANG_CXX_LANGUAGE_STANDARD = "gnu++14";
				CLANG_CXX_LIBRARY = "libc++";
				CLANG_ENABLE_MODULES = YES;
				CLANG_ENABLE_OBJC_ARC = YES;
				CLANG_ENABLE_OBJC_WEAK = YES;
				CLANG_WARN_BLOCK_CAPTURE_AUTORELEASING = YES;
				CLANG_WARN_BOOL_CONVERSION = YES;
				CLANG_WARN_COMMA = YES;
				CLANG_WARN_CONSTANT_CONVERSION = YES;
				CLANG_WARN_DEPRECATED_OBJC_IMPLEMENTATIONS = YES;
				CLANG_WARN_DIRECT_OBJC_ISA_USAGE = YES_ERROR;
				CLANG_WARN_DOCUMENTATION_COMMENTS = YES;
				CLANG_WARN_EMPTY_BODY = YES;
				CLANG_WARN_ENUM_CONVERSION = YES;
				CLANG_WARN_INFINITE_RECURSION = YES;
				CLANG_WARN_INT_CONVERSION = YES;
				CLANG_WARN_NON_LITERAL_NULL_CONVERSION = YES;
				CLANG_WARN_OBJC_IMPLICIT_RETAIN_SELF = YES;
				CLANG_WARN_OBJC_LITERAL_CONVERSION = YES;
				CLANG_WARN_OBJC_ROOT_CLASS = YES_ERROR;
				CLANG_WARN_RANGE_LOOP_ANALYSIS = YES;
				CLANG_WARN_STRICT_PROTOTYPES = YES;
				CLANG_WARN_SUSPICIOUS_MOVE = YES;
				CLANG_WARN_UNGUARDED_AVAILABILITY = YES_AGGRESSIVE;
				CLANG_WARN_UNREACHABLE_CODE = YES;
				CLANG_WARN__DUPLICATE_METHOD_MATCH = YES;
				COPY_PHASE_STRIP = NO;
				DEBUG_INFORMATION_FORMAT = "dwarf-with-dsym";
				ENABLE_NS_ASSERTIONS = NO;
				ENABLE_STRICT_OBJC_MSGSEND = YES;
				GCC_C_LANGUAGE_STANDARD = gnu11;
				GCC_NO_COMMON_BLOCKS = YES;
				GCC_WARN_64_TO_32_BIT_CONVERSION = YES;
				GCC_WARN_ABOUT_RETURN_TYPE = YES_ERROR;
				GCC_WARN_UNDECLARED_SELECTOR = YES;
				GCC_WARN_UNINITIALIZED_AUTOS = YES_AGGRESSIVE;
				GCC_WARN_UNUSED_FUNCTION = YES;
				GCC_WARN_UNUSED_VARIABLE = YES;
				IPHONEOS_DEPLOYMENT_TARGET = 13.0;
				MTL_ENABLE_DEBUG_INFO = NO;
				MTL_FAST_MATH = YES;
				SDKROOT = iphoneos;
				SWIFT_COMPILATION_MODE = wholemodule;
				SWIFT_OPTIMIZATION_LEVEL = "-O";
				VALIDATE_PRODUCT = YES;
			};
			name = Release;
		};
		DDC60A922339ED6F00BEC45C /* Debug */ = {
			isa = XCBuildConfiguration;
			baseConfigurationReference = 8A1CC92AE09466073B4CC460 /* Pods-Swift5Demo.debug.xcconfig */;
			buildSettings = {
				ASSETCATALOG_COMPILER_APPICON_NAME = AppIcon;
				CLANG_ENABLE_MODULES = YES;
				CODE_SIGN_STYLE = Automatic;
				DEVELOPMENT_TEAM = 63NH72CDZ9;
				INFOPLIST_FILE = Swift5Demo/Info.plist;
				IPHONEOS_DEPLOYMENT_TARGET = 10.0;
				LD_RUNPATH_SEARCH_PATHS = (
					"$(inherited)",
					"@executable_path/Frameworks",
				);
				PRODUCT_BUNDLE_IDENTIFIER = net.zhongye.JingJiShiTiKuTong;
				PRODUCT_NAME = "$(TARGET_NAME)";
				SWIFT_OBJC_BRIDGING_HEADER = "Swift5Demo/calss/base/Swift5Demo-Bridging-Header.h";
				SWIFT_OPTIMIZATION_LEVEL = "-Onone";
				SWIFT_VERSION = 5.0;
				TARGETED_DEVICE_FAMILY = "1,2";
			};
			name = Debug;
		};
		DDC60A932339ED6F00BEC45C /* Release */ = {
			isa = XCBuildConfiguration;
			baseConfigurationReference = 4EB37D226D5ECD7952DB46C1 /* Pods-Swift5Demo.release.xcconfig */;
			buildSettings = {
				ASSETCATALOG_COMPILER_APPICON_NAME = AppIcon;
				CLANG_ENABLE_MODULES = YES;
				CODE_SIGN_STYLE = Automatic;
				DEVELOPMENT_TEAM = 63NH72CDZ9;
				INFOPLIST_FILE = Swift5Demo/Info.plist;
				IPHONEOS_DEPLOYMENT_TARGET = 10.0;
				LD_RUNPATH_SEARCH_PATHS = (
					"$(inherited)",
					"@executable_path/Frameworks",
				);
				PRODUCT_BUNDLE_IDENTIFIER = net.zhongye.JingJiShiTiKuTong;
				PRODUCT_NAME = "$(TARGET_NAME)";
				SWIFT_OBJC_BRIDGING_HEADER = "Swift5Demo/calss/base/Swift5Demo-Bridging-Header.h";
				SWIFT_VERSION = 5.0;
				TARGETED_DEVICE_FAMILY = "1,2";
			};
			name = Release;
		};
		DDC60A952339ED6F00BEC45C /* Debug */ = {
			isa = XCBuildConfiguration;
			buildSettings = {
				ALWAYS_EMBED_SWIFT_STANDARD_LIBRARIES = YES;
				BUNDLE_LOADER = "$(TEST_HOST)";
				CODE_SIGN_STYLE = Automatic;
				INFOPLIST_FILE = Swift5DemoTests/Info.plist;
				IPHONEOS_DEPLOYMENT_TARGET = 13.0;
				LD_RUNPATH_SEARCH_PATHS = (
					"$(inherited)",
					"@executable_path/Frameworks",
					"@loader_path/Frameworks",
				);
				PRODUCT_BUNDLE_IDENTIFIER = com.ayong.Swift5DemoTests;
				PRODUCT_NAME = "$(TARGET_NAME)";
				SWIFT_VERSION = 5.0;
				TARGETED_DEVICE_FAMILY = "1,2";
				TEST_HOST = "$(BUILT_PRODUCTS_DIR)/Swift5Demo.app/Swift5Demo";
			};
			name = Debug;
		};
		DDC60A962339ED6F00BEC45C /* Release */ = {
			isa = XCBuildConfiguration;
			buildSettings = {
				ALWAYS_EMBED_SWIFT_STANDARD_LIBRARIES = YES;
				BUNDLE_LOADER = "$(TEST_HOST)";
				CODE_SIGN_STYLE = Automatic;
				INFOPLIST_FILE = Swift5DemoTests/Info.plist;
				IPHONEOS_DEPLOYMENT_TARGET = 13.0;
				LD_RUNPATH_SEARCH_PATHS = (
					"$(inherited)",
					"@executable_path/Frameworks",
					"@loader_path/Frameworks",
				);
				PRODUCT_BUNDLE_IDENTIFIER = com.ayong.Swift5DemoTests;
				PRODUCT_NAME = "$(TARGET_NAME)";
				SWIFT_VERSION = 5.0;
				TARGETED_DEVICE_FAMILY = "1,2";
				TEST_HOST = "$(BUILT_PRODUCTS_DIR)/Swift5Demo.app/Swift5Demo";
			};
			name = Release;
		};
		DDC60A982339ED6F00BEC45C /* Debug */ = {
			isa = XCBuildConfiguration;
			buildSettings = {
				ALWAYS_EMBED_SWIFT_STANDARD_LIBRARIES = YES;
				CODE_SIGN_STYLE = Automatic;
				INFOPLIST_FILE = Swift5DemoUITests/Info.plist;
				LD_RUNPATH_SEARCH_PATHS = (
					"$(inherited)",
					"@executable_path/Frameworks",
					"@loader_path/Frameworks",
				);
				PRODUCT_BUNDLE_IDENTIFIER = com.ayong.Swift5DemoUITests;
				PRODUCT_NAME = "$(TARGET_NAME)";
				SWIFT_VERSION = 5.0;
				TARGETED_DEVICE_FAMILY = "1,2";
				TEST_TARGET_NAME = Swift5Demo;
			};
			name = Debug;
		};
		DDC60A992339ED6F00BEC45C /* Release */ = {
			isa = XCBuildConfiguration;
			buildSettings = {
				ALWAYS_EMBED_SWIFT_STANDARD_LIBRARIES = YES;
				CODE_SIGN_STYLE = Automatic;
				INFOPLIST_FILE = Swift5DemoUITests/Info.plist;
				LD_RUNPATH_SEARCH_PATHS = (
					"$(inherited)",
					"@executable_path/Frameworks",
					"@loader_path/Frameworks",
				);
				PRODUCT_BUNDLE_IDENTIFIER = com.ayong.Swift5DemoUITests;
				PRODUCT_NAME = "$(TARGET_NAME)";
				SWIFT_VERSION = 5.0;
				TARGETED_DEVICE_FAMILY = "1,2";
				TEST_TARGET_NAME = Swift5Demo;
			};
			name = Release;
		};
/* End XCBuildConfiguration section */

/* Begin XCConfigurationList section */
		DDC60A622339ED6E00BEC45C /* Build configuration list for PBXProject "Swift5Demo" */ = {
			isa = XCConfigurationList;
			buildConfigurations = (
				DDC60A8F2339ED6F00BEC45C /* Debug */,
				DDC60A902339ED6F00BEC45C /* Release */,
			);
			defaultConfigurationIsVisible = 0;
			defaultConfigurationName = Release;
		};
		DDC60A912339ED6F00BEC45C /* Build configuration list for PBXNativeTarget "Swift5Demo" */ = {
			isa = XCConfigurationList;
			buildConfigurations = (
				DDC60A922339ED6F00BEC45C /* Debug */,
				DDC60A932339ED6F00BEC45C /* Release */,
			);
			defaultConfigurationIsVisible = 0;
			defaultConfigurationName = Release;
		};
		DDC60A942339ED6F00BEC45C /* Build configuration list for PBXNativeTarget "Swift5DemoTests" */ = {
			isa = XCConfigurationList;
			buildConfigurations = (
				DDC60A952339ED6F00BEC45C /* Debug */,
				DDC60A962339ED6F00BEC45C /* Release */,
			);
			defaultConfigurationIsVisible = 0;
			defaultConfigurationName = Release;
		};
		DDC60A972339ED6F00BEC45C /* Build configuration list for PBXNativeTarget "Swift5DemoUITests" */ = {
			isa = XCConfigurationList;
			buildConfigurations = (
				DDC60A982339ED6F00BEC45C /* Debug */,
				DDC60A992339ED6F00BEC45C /* Release */,
			);
			defaultConfigurationIsVisible = 0;
			defaultConfigurationName = Release;
		};
/* End XCConfigurationList section */
	};
	rootObject = DDC60A5F2339ED6E00BEC45C /* Project object */;
}
